PODS:
  - Endpoints (2.0.0)
  - RxCocoa (6.0.0):
    - RxRelay (= 6.0.0)
    - RxSwift (= 6.0.0)
  - RxRelay (6.0.0):
    - RxSwift (= 6.0.0)
  - RxSwift (6.0.0)

DEPENDENCIES:
  - Endpoints (~> 2.0)
  - RxCocoa (~> 6.0)
  - RxSwift (~> 6.0)

SPEC REPOS:
  https://cdn.cocoapods.org/:
    - RxCocoa
    - RxRelay
    - RxSwift
  trunk:
    - Endpoints

SPEC CHECKSUMS:
  Endpoints: f4ff596961d35c54b6d487220c663506283985cf
  RxCocoa: 3f79328fafa3645b34600f37c31e64c73ae3a80e
  RxRelay: 8d593be109c06ea850df027351beba614b012ffb
  RxSwift: c14e798c59b9f6e9a2df8fd235602e85cc044295

PODFILE CHECKSUM: c1fc059c35102894bd5c18bd42978611c9dac97b

COCOAPODS: 1.10.1
