PODS:
  - Endpoints (2.0.0)
  - RxCocoa (5.0.0):
    - RxRelay (~> 5)
    - RxSwift (~> 5)
  - RxRelay (5.0.0):
    - RxSwift (~> 5)
  - RxSwift (5.0.0)

DEPENDENCIES:
  - Endpoints (~> 2.0)
  - RxCocoa
  - RxSwift

SPEC REPOS:
  trunk:
    - Endpoints
    - RxCocoa
    - RxRelay
    - RxSwift

SPEC CHECKSUMS:
  Endpoints: f4ff596961d35c54b6d487220c663506283985cf
  RxCocoa: fcf32050ac00d801f34a7f71d5e8e7f23026dcd8
  RxRelay: 4f7409406a51a55cd88483f21ed898c234d60f18
  RxSwift: 8b0671caa829a763bbce7271095859121cbd895f

PODFILE CHECKSUM: 585ca50c0bd6724d18d87041c5b971f7cbf72be1

COCOAPODS: 1.8.3
