// !$*UTF8*$!
{
	archiveVersion = 1;
	classes = {
	};
	objectVersion = 46;
	objects = {

/* Begin PBXBuildFile section */
		170DDD5379B520AB745FD1DA /* Pods_RxSessionTests.framework in Frameworks */ = {isa = PBXBuildFile; fileRef = F15EF2ED0662172AF1C05FBF /* Pods_RxSessionTests.framework */; };
		41591BE0F462E7C74A788EB9 /* Pods_RxSession.framework in Frameworks */ = {isa = PBXBuildFile; fileRef = 50BCF3005944D95371FB4309 /* Pods_RxSession.framework */; };
		97F5A71C22144C7500CACF2F /* AppDelegate.swift in Sources */ = {isa = PBXBuildFile; fileRef = 97F5A71B22144C7500CACF2F /* AppDelegate.swift */; };
		97F5A71E22144C7500CACF2F /* ViewController.swift in Sources */ = {isa = PBXBuildFile; fileRef = 97F5A71D22144C7500CACF2F /* ViewController.swift */; };
		97F5A72122144C7500CACF2F /* Main.storyboard in Resources */ = {isa = PBXBuildFile; fileRef = 97F5A71F22144C7500CACF2F /* Main.storyboard */; };
		97F5A72322144C7700CACF2F /* Assets.xcassets in Resources */ = {isa = PBXBuildFile; fileRef = 97F5A72222144C7700CACF2F /* Assets.xcassets */; };
		97F5A72622144C7700CACF2F /* LaunchScreen.storyboard in Resources */ = {isa = PBXBuildFile; fileRef = 97F5A72422144C7700CACF2F /* LaunchScreen.storyboard */; };
		97F5A72D22144F2400CACF2F /* RxSession.framework in Frameworks */ = {isa = PBXBuildFile; fileRef = B410C7451ECF13950087D5AA /* RxSession.framework */; };
		97F5A72E22144F2400CACF2F /* RxSession.framework in Embed Frameworks */ = {isa = PBXBuildFile; fileRef = B410C7451ECF13950087D5AA /* RxSession.framework */; settings = {ATTRIBUTES = (CodeSignOnCopy, RemoveHeadersOnCopy, ); }; };
		B410C74F1ECF13950087D5AA /* RxSession.framework in Frameworks */ = {isa = PBXBuildFile; fileRef = B410C7451ECF13950087D5AA /* RxSession.framework */; };
		B410C7541ECF13950087D5AA /* RxSessionTests.swift in Sources */ = {isa = PBXBuildFile; fileRef = B410C7531ECF13950087D5AA /* RxSessionTests.swift */; };
		B410C7561ECF13950087D5AA /* RxSession.h in Headers */ = {isa = PBXBuildFile; fileRef = B410C7481ECF13950087D5AA /* RxSession.h */; settings = {ATTRIBUTES = (Public, ); }; };
		B410C7601ECF160F0087D5AA /* RxSession.swift in Sources */ = {isa = PBXBuildFile; fileRef = B410C75F1ECF160F0087D5AA /* RxSession.swift */; };
		C3FEAB231A35351D6E17D3E2 /* Pods_RxSessionExample.framework in Frameworks */ = {isa = PBXBuildFile; fileRef = 395AA6FEB1243F8509276D34 /* Pods_RxSessionExample.framework */; };
/* End PBXBuildFile section */

/* Begin PBXContainerItemProxy section */
		97F5A72B22144C7E00CACF2F /* PBXContainerItemProxy */ = {
			isa = PBXContainerItemProxy;
			containerPortal = B410C73C1ECF13950087D5AA /* Project object */;
			proxyType = 1;
			remoteGlobalIDString = 97F5A71822144C7500CACF2F;
			remoteInfo = RxSessionExample;
		};
		97F5A72F22144F2400CACF2F /* PBXContainerItemProxy */ = {
			isa = PBXContainerItemProxy;
			containerPortal = B410C73C1ECF13950087D5AA /* Project object */;
			proxyType = 1;
			remoteGlobalIDString = B410C7441ECF13950087D5AA;
			remoteInfo = RxSession;
		};
		B410C7501ECF13950087D5AA /* PBXContainerItemProxy */ = {
			isa = PBXContainerItemProxy;
			containerPortal = B410C73C1ECF13950087D5AA /* Project object */;
			proxyType = 1;
			remoteGlobalIDString = B410C7441ECF13950087D5AA;
			remoteInfo = RxSession;
		};
/* End PBXContainerItemProxy section */

/* Begin PBXCopyFilesBuildPhase section */
		97F5A73122144F2500CACF2F /* Embed Frameworks */ = {
			isa = PBXCopyFilesBuildPhase;
			buildActionMask = 2147483647;
			dstPath = "";
			dstSubfolderSpec = 10;
			files = (
				97F5A72E22144F2400CACF2F /* RxSession.framework in Embed Frameworks */,
			);
			name = "Embed Frameworks";
			runOnlyForDeploymentPostprocessing = 0;
		};
/* End PBXCopyFilesBuildPhase section */

/* Begin PBXFileReference section */
		395AA6FEB1243F8509276D34 /* Pods_RxSessionExample.framework */ = {isa = PBXFileReference; explicitFileType = wrapper.framework; includeInIndex = 0; path = Pods_RxSessionExample.framework; sourceTree = BUILT_PRODUCTS_DIR; };
		4DE8D1CCC2B408AE8B47866C /* Pods-RxSession.release.xcconfig */ = {isa = PBXFileReference; includeInIndex = 1; lastKnownFileType = text.xcconfig; name = "Pods-RxSession.release.xcconfig"; path = "Target Support Files/Pods-RxSession/Pods-RxSession.release.xcconfig"; sourceTree = "<group>"; };
		50BCF3005944D95371FB4309 /* Pods_RxSession.framework */ = {isa = PBXFileReference; explicitFileType = wrapper.framework; includeInIndex = 0; path = Pods_RxSession.framework; sourceTree = BUILT_PRODUCTS_DIR; };
		608FEE3198E1ADB7BBE54EAB /* Pods-RxSession.debug.xcconfig */ = {isa = PBXFileReference; includeInIndex = 1; lastKnownFileType = text.xcconfig; name = "Pods-RxSession.debug.xcconfig"; path = "Target Support Files/Pods-RxSession/Pods-RxSession.debug.xcconfig"; sourceTree = "<group>"; };
		78A83E95BD4F5B7F0A737817 /* Pods-RxSessionExample.release.xcconfig */ = {isa = PBXFileReference; includeInIndex = 1; lastKnownFileType = text.xcconfig; name = "Pods-RxSessionExample.release.xcconfig"; path = "Target Support Files/Pods-RxSessionExample/Pods-RxSessionExample.release.xcconfig"; sourceTree = "<group>"; };
		97F5A71922144C7500CACF2F /* RxSessionExample.app */ = {isa = PBXFileReference; explicitFileType = wrapper.application; includeInIndex = 0; path = RxSessionExample.app; sourceTree = BUILT_PRODUCTS_DIR; };
		97F5A71B22144C7500CACF2F /* AppDelegate.swift */ = {isa = PBXFileReference; lastKnownFileType = sourcecode.swift; path = AppDelegate.swift; sourceTree = "<group>"; };
		97F5A71D22144C7500CACF2F /* ViewController.swift */ = {isa = PBXFileReference; lastKnownFileType = sourcecode.swift; path = ViewController.swift; sourceTree = "<group>"; };
		97F5A72022144C7500CACF2F /* Base */ = {isa = PBXFileReference; lastKnownFileType = file.storyboard; name = Base; path = Base.lproj/Main.storyboard; sourceTree = "<group>"; };
		97F5A72222144C7700CACF2F /* Assets.xcassets */ = {isa = PBXFileReference; lastKnownFileType = folder.assetcatalog; path = Assets.xcassets; sourceTree = "<group>"; };
		97F5A72522144C7700CACF2F /* Base */ = {isa = PBXFileReference; lastKnownFileType = file.storyboard; name = Base; path = Base.lproj/LaunchScreen.storyboard; sourceTree = "<group>"; };
		97F5A72722144C7700CACF2F /* Info.plist */ = {isa = PBXFileReference; lastKnownFileType = text.plist.xml; path = Info.plist; sourceTree = "<group>"; };
		A9FF9802ED671AAA491EF0BB /* Pods-RxSessionTests.debug.xcconfig */ = {isa = PBXFileReference; includeInIndex = 1; lastKnownFileType = text.xcconfig; name = "Pods-RxSessionTests.debug.xcconfig"; path = "Target Support Files/Pods-RxSessionTests/Pods-RxSessionTests.debug.xcconfig"; sourceTree = "<group>"; };
		B410C7451ECF13950087D5AA /* RxSession.framework */ = {isa = PBXFileReference; explicitFileType = wrapper.framework; includeInIndex = 0; path = RxSession.framework; sourceTree = BUILT_PRODUCTS_DIR; };
		B410C7481ECF13950087D5AA /* RxSession.h */ = {isa = PBXFileReference; lastKnownFileType = sourcecode.c.h; path = RxSession.h; sourceTree = "<group>"; };
		B410C7491ECF13950087D5AA /* Info.plist */ = {isa = PBXFileReference; lastKnownFileType = text.plist.xml; path = Info.plist; sourceTree = "<group>"; };
		B410C74E1ECF13950087D5AA /* RxSessionTests.xctest */ = {isa = PBXFileReference; explicitFileType = wrapper.cfbundle; includeInIndex = 0; path = RxSessionTests.xctest; sourceTree = BUILT_PRODUCTS_DIR; };
		B410C7531ECF13950087D5AA /* RxSessionTests.swift */ = {isa = PBXFileReference; lastKnownFileType = sourcecode.swift; path = RxSessionTests.swift; sourceTree = "<group>"; };
		B410C7551ECF13950087D5AA /* Info.plist */ = {isa = PBXFileReference; lastKnownFileType = text.plist.xml; path = Info.plist; sourceTree = "<group>"; };
		B410C75F1ECF160F0087D5AA /* RxSession.swift */ = {isa = PBXFileReference; fileEncoding = 4; lastKnownFileType = sourcecode.swift; path = RxSession.swift; sourceTree = "<group>"; };
		C0D51584599392EE6B6CFC9B /* Pods-RxSessionExample.debug.xcconfig */ = {isa = PBXFileReference; includeInIndex = 1; lastKnownFileType = text.xcconfig; name = "Pods-RxSessionExample.debug.xcconfig"; path = "Target Support Files/Pods-RxSessionExample/Pods-RxSessionExample.debug.xcconfig"; sourceTree = "<group>"; };
		F15EF2ED0662172AF1C05FBF /* Pods_RxSessionTests.framework */ = {isa = PBXFileReference; explicitFileType = wrapper.framework; includeInIndex = 0; path = Pods_RxSessionTests.framework; sourceTree = BUILT_PRODUCTS_DIR; };
		FB80A63B7AD855F6E38C3DCA /* Pods-RxSessionTests.release.xcconfig */ = {isa = PBXFileReference; includeInIndex = 1; lastKnownFileType = text.xcconfig; name = "Pods-RxSessionTests.release.xcconfig"; path = "Target Support Files/Pods-RxSessionTests/Pods-RxSessionTests.release.xcconfig"; sourceTree = "<group>"; };
/* End PBXFileReference section */

/* Begin PBXFrameworksBuildPhase section */
		97F5A71622144C7500CACF2F /* Frameworks */ = {
			isa = PBXFrameworksBuildPhase;
			buildActionMask = 2147483647;
			files = (
				C3FEAB231A35351D6E17D3E2 /* Pods_RxSessionExample.framework in Frameworks */,
				97F5A72D22144F2400CACF2F /* RxSession.framework in Frameworks */,
			);
			runOnlyForDeploymentPostprocessing = 0;
		};
		B410C7411ECF13950087D5AA /* Frameworks */ = {
			isa = PBXFrameworksBuildPhase;
			buildActionMask = 2147483647;
			files = (
				41591BE0F462E7C74A788EB9 /* Pods_RxSession.framework in Frameworks */,
			);
			runOnlyForDeploymentPostprocessing = 0;
		};
		B410C74B1ECF13950087D5AA /* Frameworks */ = {
			isa = PBXFrameworksBuildPhase;
			buildActionMask = 2147483647;
			files = (
				B410C74F1ECF13950087D5AA /* RxSession.framework in Frameworks */,
				170DDD5379B520AB745FD1DA /* Pods_RxSessionTests.framework in Frameworks */,
			);
			runOnlyForDeploymentPostprocessing = 0;
		};
/* End PBXFrameworksBuildPhase section */

/* Begin PBXGroup section */
		95C8CAC96ABD8FBB9221BB05 /* Pods */ = {
			isa = PBXGroup;
			children = (
				608FEE3198E1ADB7BBE54EAB /* Pods-RxSession.debug.xcconfig */,
				4DE8D1CCC2B408AE8B47866C /* Pods-RxSession.release.xcconfig */,
				C0D51584599392EE6B6CFC9B /* Pods-RxSessionExample.debug.xcconfig */,
				78A83E95BD4F5B7F0A737817 /* Pods-RxSessionExample.release.xcconfig */,
				A9FF9802ED671AAA491EF0BB /* Pods-RxSessionTests.debug.xcconfig */,
				FB80A63B7AD855F6E38C3DCA /* Pods-RxSessionTests.release.xcconfig */,
			);
			path = Pods;
			sourceTree = "<group>";
		};
		97F5A71A22144C7500CACF2F /* RxSessionExample */ = {
			isa = PBXGroup;
			children = (
				97F5A71B22144C7500CACF2F /* AppDelegate.swift */,
				97F5A71D22144C7500CACF2F /* ViewController.swift */,
				97F5A71F22144C7500CACF2F /* Main.storyboard */,
				97F5A72222144C7700CACF2F /* Assets.xcassets */,
				97F5A72422144C7700CACF2F /* LaunchScreen.storyboard */,
				97F5A72722144C7700CACF2F /* Info.plist */,
			);
			path = RxSessionExample;
			sourceTree = "<group>";
		};
		B410C73B1ECF13950087D5AA = {
			isa = PBXGroup;
			children = (
				B410C7471ECF13950087D5AA /* RxSession */,
				B410C7521ECF13950087D5AA /* RxSessionTests */,
				97F5A71A22144C7500CACF2F /* RxSessionExample */,
				B410C7461ECF13950087D5AA /* Products */,
				95C8CAC96ABD8FBB9221BB05 /* Pods */,
				DAEEDC705B0EAB52386C1ABA /* Frameworks */,
			);
			sourceTree = "<group>";
		};
		B410C7461ECF13950087D5AA /* Products */ = {
			isa = PBXGroup;
			children = (
				B410C7451ECF13950087D5AA /* RxSession.framework */,
				B410C74E1ECF13950087D5AA /* RxSessionTests.xctest */,
				97F5A71922144C7500CACF2F /* RxSessionExample.app */,
			);
			name = Products;
			sourceTree = "<group>";
		};
		B410C7471ECF13950087D5AA /* RxSession */ = {
			isa = PBXGroup;
			children = (
				B410C7481ECF13950087D5AA /* RxSession.h */,
				B410C75F1ECF160F0087D5AA /* RxSession.swift */,
				B410C7491ECF13950087D5AA /* Info.plist */,
			);
			path = RxSession;
			sourceTree = "<group>";
		};
		B410C7521ECF13950087D5AA /* RxSessionTests */ = {
			isa = PBXGroup;
			children = (
				B410C7531ECF13950087D5AA /* RxSessionTests.swift */,
				B410C7551ECF13950087D5AA /* Info.plist */,
			);
			path = RxSessionTests;
			sourceTree = "<group>";
		};
		DAEEDC705B0EAB52386C1ABA /* Frameworks */ = {
			isa = PBXGroup;
			children = (
				50BCF3005944D95371FB4309 /* Pods_RxSession.framework */,
				395AA6FEB1243F8509276D34 /* Pods_RxSessionExample.framework */,
				F15EF2ED0662172AF1C05FBF /* Pods_RxSessionTests.framework */,
			);
			name = Frameworks;
			sourceTree = "<group>";
		};
/* End PBXGroup section */

/* Begin PBXHeadersBuildPhase section */
		B410C7421ECF13950087D5AA /* Headers */ = {
			isa = PBXHeadersBuildPhase;
			buildActionMask = 2147483647;
			files = (
				B410C7561ECF13950087D5AA /* RxSession.h in Headers */,
			);
			runOnlyForDeploymentPostprocessing = 0;
		};
/* End PBXHeadersBuildPhase section */

/* Begin PBXNativeTarget section */
		97F5A71822144C7500CACF2F /* RxSessionExample */ = {
			isa = PBXNativeTarget;
			buildConfigurationList = 97F5A72A22144C7700CACF2F /* Build configuration list for PBXNativeTarget "RxSessionExample" */;
			buildPhases = (
				B7D7E9609E087B821BA0F666 /* [CP] Check Pods Manifest.lock */,
				97F5A71522144C7500CACF2F /* Sources */,
				97F5A71622144C7500CACF2F /* Frameworks */,
				97F5A71722144C7500CACF2F /* Resources */,
				97F5A73122144F2500CACF2F /* Embed Frameworks */,
				6FAB6FEDE189F01BE60FD62B /* [CP] Embed Pods Frameworks */,
			);
			buildRules = (
			);
			dependencies = (
				97F5A73022144F2400CACF2F /* PBXTargetDependency */,
			);
			name = RxSessionExample;
			productName = RxSessionExample;
			productReference = 97F5A71922144C7500CACF2F /* RxSessionExample.app */;
			productType = "com.apple.product-type.application";
		};
		B410C7441ECF13950087D5AA /* RxSession */ = {
			isa = PBXNativeTarget;
			buildConfigurationList = B410C7591ECF13950087D5AA /* Build configuration list for PBXNativeTarget "RxSession" */;
			buildPhases = (
				4EE326DAF07C745B8EE2B45E /* [CP] Check Pods Manifest.lock */,
				B410C7401ECF13950087D5AA /* Sources */,
				B410C7411ECF13950087D5AA /* Frameworks */,
				B410C7421ECF13950087D5AA /* Headers */,
				B410C7431ECF13950087D5AA /* Resources */,
			);
			buildRules = (
			);
			dependencies = (
			);
			name = RxSession;
			productName = RxSession;
			productReference = B410C7451ECF13950087D5AA /* RxSession.framework */;
			productType = "com.apple.product-type.framework";
		};
		B410C74D1ECF13950087D5AA /* RxSessionTests */ = {
			isa = PBXNativeTarget;
			buildConfigurationList = B410C75C1ECF13950087D5AA /* Build configuration list for PBXNativeTarget "RxSessionTests" */;
			buildPhases = (
				85E84DD98C51D8ED8D18FF07 /* [CP] Check Pods Manifest.lock */,
				B410C74A1ECF13950087D5AA /* Sources */,
				B410C74B1ECF13950087D5AA /* Frameworks */,
				B410C74C1ECF13950087D5AA /* Resources */,
			);
			buildRules = (
			);
			dependencies = (
				B410C7511ECF13950087D5AA /* PBXTargetDependency */,
				97F5A72C22144C7E00CACF2F /* PBXTargetDependency */,
			);
			name = RxSessionTests;
			productName = RxSessionTests;
			productReference = B410C74E1ECF13950087D5AA /* RxSessionTests.xctest */;
			productType = "com.apple.product-type.bundle.unit-test";
		};
/* End PBXNativeTarget section */

/* Begin PBXProject section */
		B410C73C1ECF13950087D5AA /* Project object */ = {
			isa = PBXProject;
			attributes = {
				LastSwiftUpdateCheck = 1010;
				LastUpgradeCheck = 1100;
				ORGANIZATIONNAME = "Dominik Arnhof";
				TargetAttributes = {
					97F5A71822144C7500CACF2F = {
						CreatedOnToolsVersion = 10.1;
						DevelopmentTeam = U37QH9QGB8;
						LastSwiftMigration = 1100;
						ProvisioningStyle = Automatic;
					};
					B410C7441ECF13950087D5AA = {
						CreatedOnToolsVersion = 8.3.2;
						LastSwiftMigration = 1100;
						ProvisioningStyle = Automatic;
					};
					B410C74D1ECF13950087D5AA = {
						CreatedOnToolsVersion = 8.3.2;
						DevelopmentTeam = U37QH9QGB8;
						LastSwiftMigration = 1100;
						ProvisioningStyle = Automatic;
						TestTargetID = 97F5A71822144C7500CACF2F;
					};
				};
			};
			buildConfigurationList = B410C73F1ECF13950087D5AA /* Build configuration list for PBXProject "RxSession" */;
			compatibilityVersion = "Xcode 3.2";
			developmentRegion = en;
			hasScannedForEncodings = 0;
			knownRegions = (
				en,
				Base,
			);
			mainGroup = B410C73B1ECF13950087D5AA;
			productRefGroup = B410C7461ECF13950087D5AA /* Products */;
			projectDirPath = "";
			projectRoot = "";
			targets = (
				B410C7441ECF13950087D5AA /* RxSession */,
				B410C74D1ECF13950087D5AA /* RxSessionTests */,
				97F5A71822144C7500CACF2F /* RxSessionExample */,
			);
		};
/* End PBXProject section */

/* Begin PBXResourcesBuildPhase section */
		97F5A71722144C7500CACF2F /* Resources */ = {
			isa = PBXResourcesBuildPhase;
			buildActionMask = 2147483647;
			files = (
				97F5A72622144C7700CACF2F /* LaunchScreen.storyboard in Resources */,
				97F5A72322144C7700CACF2F /* Assets.xcassets in Resources */,
				97F5A72122144C7500CACF2F /* Main.storyboard in Resources */,
			);
			runOnlyForDeploymentPostprocessing = 0;
		};
		B410C7431ECF13950087D5AA /* Resources */ = {
			isa = PBXResourcesBuildPhase;
			buildActionMask = 2147483647;
			files = (
			);
			runOnlyForDeploymentPostprocessing = 0;
		};
		B410C74C1ECF13950087D5AA /* Resources */ = {
			isa = PBXResourcesBuildPhase;
			buildActionMask = 2147483647;
			files = (
			);
			runOnlyForDeploymentPostprocessing = 0;
		};
/* End PBXResourcesBuildPhase section */

/* Begin PBXShellScriptBuildPhase section */
		4EE326DAF07C745B8EE2B45E /* [CP] Check Pods Manifest.lock */ = {
			isa = PBXShellScriptBuildPhase;
			buildActionMask = 2147483647;
			files = (
			);
			inputFileListPaths = (
			);
			inputPaths = (
				"${PODS_PODFILE_DIR_PATH}/Podfile.lock",
				"${PODS_ROOT}/Manifest.lock",
			);
			name = "[CP] Check Pods Manifest.lock";
			outputFileListPaths = (
			);
			outputPaths = (
				"$(DERIVED_FILE_DIR)/Pods-RxSession-checkManifestLockResult.txt",
			);
			runOnlyForDeploymentPostprocessing = 0;
			shellPath = /bin/sh;
			shellScript = "diff \"${PODS_PODFILE_DIR_PATH}/Podfile.lock\" \"${PODS_ROOT}/Manifest.lock\" > /dev/null\nif [ $? != 0 ] ; then\n    # print error to STDERR\n    echo \"error: The sandbox is not in sync with the Podfile.lock. Run 'pod install' or update your CocoaPods installation.\" >&2\n    exit 1\nfi\n# This output is used by Xcode 'outputs' to avoid re-running this script phase.\necho \"SUCCESS\" > \"${SCRIPT_OUTPUT_FILE_0}\"\n";
			showEnvVarsInLog = 0;
		};
		6FAB6FEDE189F01BE60FD62B /* [CP] Embed Pods Frameworks */ = {
			isa = PBXShellScriptBuildPhase;
			buildActionMask = 2147483647;
			files = (
			);
			inputPaths = (
				"${PODS_ROOT}/Target Support Files/Pods-RxSessionExample/Pods-RxSessionExample-frameworks.sh",
				"${BUILT_PRODUCTS_DIR}/Endpoints/Endpoints.framework",
				"${BUILT_PRODUCTS_DIR}/RxCocoa/RxCocoa.framework",
				"${BUILT_PRODUCTS_DIR}/RxRelay/RxRelay.framework",
				"${BUILT_PRODUCTS_DIR}/RxSwift/RxSwift.framework",
			);
			name = "[CP] Embed Pods Frameworks";
			outputPaths = (
				"${TARGET_BUILD_DIR}/${FRAMEWORKS_FOLDER_PATH}/Endpoints.framework",
				"${TARGET_BUILD_DIR}/${FRAMEWORKS_FOLDER_PATH}/RxCocoa.framework",
				"${TARGET_BUILD_DIR}/${FRAMEWORKS_FOLDER_PATH}/RxRelay.framework",
				"${TARGET_BUILD_DIR}/${FRAMEWORKS_FOLDER_PATH}/RxSwift.framework",
			);
			runOnlyForDeploymentPostprocessing = 0;
			shellPath = /bin/sh;
			shellScript = "\"${PODS_ROOT}/Target Support Files/Pods-RxSessionExample/Pods-RxSessionExample-frameworks.sh\"\n";
			showEnvVarsInLog = 0;
		};
		85E84DD98C51D8ED8D18FF07 /* [CP] Check Pods Manifest.lock */ = {
			isa = PBXShellScriptBuildPhase;
			buildActionMask = 2147483647;
			files = (
			);
			inputFileListPaths = (
			);
			inputPaths = (
				"${PODS_PODFILE_DIR_PATH}/Podfile.lock",
				"${PODS_ROOT}/Manifest.lock",
			);
			name = "[CP] Check Pods Manifest.lock";
			outputFileListPaths = (
			);
			outputPaths = (
				"$(DERIVED_FILE_DIR)/Pods-RxSessionTests-checkManifestLockResult.txt",
			);
			runOnlyForDeploymentPostprocessing = 0;
			shellPath = /bin/sh;
			shellScript = "diff \"${PODS_PODFILE_DIR_PATH}/Podfile.lock\" \"${PODS_ROOT}/Manifest.lock\" > /dev/null\nif [ $? != 0 ] ; then\n    # print error to STDERR\n    echo \"error: The sandbox is not in sync with the Podfile.lock. Run 'pod install' or update your CocoaPods installation.\" >&2\n    exit 1\nfi\n# This output is used by Xcode 'outputs' to avoid re-running this script phase.\necho \"SUCCESS\" > \"${SCRIPT_OUTPUT_FILE_0}\"\n";
			showEnvVarsInLog = 0;
		};
		B7D7E9609E087B821BA0F666 /* [CP] Check Pods Manifest.lock */ = {
			isa = PBXShellScriptBuildPhase;
			buildActionMask = 2147483647;
			files = (
			);
			inputFileListPaths = (
			);
			inputPaths = (
				"${PODS_PODFILE_DIR_PATH}/Podfile.lock",
				"${PODS_ROOT}/Manifest.lock",
			);
			name = "[CP] Check Pods Manifest.lock";
			outputFileListPaths = (
			);
			outputPaths = (
				"$(DERIVED_FILE_DIR)/Pods-RxSessionExample-checkManifestLockResult.txt",
			);
			runOnlyForDeploymentPostprocessing = 0;
			shellPath = /bin/sh;
			shellScript = "diff \"${PODS_PODFILE_DIR_PATH}/Podfile.lock\" \"${PODS_ROOT}/Manifest.lock\" > /dev/null\nif [ $? != 0 ] ; then\n    # print error to STDERR\n    echo \"error: The sandbox is not in sync with the Podfile.lock. Run 'pod install' or update your CocoaPods installation.\" >&2\n    exit 1\nfi\n# This output is used by Xcode 'outputs' to avoid re-running this script phase.\necho \"SUCCESS\" > \"${SCRIPT_OUTPUT_FILE_0}\"\n";
			showEnvVarsInLog = 0;
		};
/* End PBXShellScriptBuildPhase section */

/* Begin PBXSourcesBuildPhase section */
		97F5A71522144C7500CACF2F /* Sources */ = {
			isa = PBXSourcesBuildPhase;
			buildActionMask = 2147483647;
			files = (
				97F5A71E22144C7500CACF2F /* ViewController.swift in Sources */,
				97F5A71C22144C7500CACF2F /* AppDelegate.swift in Sources */,
			);
			runOnlyForDeploymentPostprocessing = 0;
		};
		B410C7401ECF13950087D5AA /* Sources */ = {
			isa = PBXSourcesBuildPhase;
			buildActionMask = 2147483647;
			files = (
				B410C7601ECF160F0087D5AA /* RxSession.swift in Sources */,
			);
			runOnlyForDeploymentPostprocessing = 0;
		};
		B410C74A1ECF13950087D5AA /* Sources */ = {
			isa = PBXSourcesBuildPhase;
			buildActionMask = 2147483647;
			files = (
				B410C7541ECF13950087D5AA /* RxSessionTests.swift in Sources */,
			);
			runOnlyForDeploymentPostprocessing = 0;
		};
/* End PBXSourcesBuildPhase section */

/* Begin PBXTargetDependency section */
		97F5A72C22144C7E00CACF2F /* PBXTargetDependency */ = {
			isa = PBXTargetDependency;
			target = 97F5A71822144C7500CACF2F /* RxSessionExample */;
			targetProxy = 97F5A72B22144C7E00CACF2F /* PBXContainerItemProxy */;
		};
		97F5A73022144F2400CACF2F /* PBXTargetDependency */ = {
			isa = PBXTargetDependency;
			target = B410C7441ECF13950087D5AA /* RxSession */;
			targetProxy = 97F5A72F22144F2400CACF2F /* PBXContainerItemProxy */;
		};
		B410C7511ECF13950087D5AA /* PBXTargetDependency */ = {
			isa = PBXTargetDependency;
			target = B410C7441ECF13950087D5AA /* RxSession */;
			targetProxy = B410C7501ECF13950087D5AA /* PBXContainerItemProxy */;
		};
/* End PBXTargetDependency section */

/* Begin PBXVariantGroup section */
		97F5A71F22144C7500CACF2F /* Main.storyboard */ = {
			isa = PBXVariantGroup;
			children = (
				97F5A72022144C7500CACF2F /* Base */,
			);
			name = Main.storyboard;
			sourceTree = "<group>";
		};
		97F5A72422144C7700CACF2F /* LaunchScreen.storyboard */ = {
			isa = PBXVariantGroup;
			children = (
				97F5A72522144C7700CACF2F /* Base */,
			);
			name = LaunchScreen.storyboard;
			sourceTree = "<group>";
		};
/* End PBXVariantGroup section */

/* Begin XCBuildConfiguration section */
		97F5A72822144C7700CACF2F /* Debug */ = {
			isa = XCBuildConfiguration;
			baseConfigurationReference = C0D51584599392EE6B6CFC9B /* Pods-RxSessionExample.debug.xcconfig */;
			buildSettings = {
				ALWAYS_EMBED_SWIFT_STANDARD_LIBRARIES = YES;
				ASSETCATALOG_COMPILER_APPICON_NAME = AppIcon;
				CLANG_CXX_LANGUAGE_STANDARD = "gnu++14";
				CLANG_ENABLE_OBJC_WEAK = YES;
				CLANG_WARN_BLOCK_CAPTURE_AUTORELEASING = YES;
				CLANG_WARN_COMMA = YES;
				CLANG_WARN_DEPRECATED_OBJC_IMPLEMENTATIONS = YES;
				CLANG_WARN_NON_LITERAL_NULL_CONVERSION = YES;
				CLANG_WARN_OBJC_IMPLICIT_RETAIN_SELF = YES;
				CLANG_WARN_OBJC_LITERAL_CONVERSION = YES;
				CLANG_WARN_RANGE_LOOP_ANALYSIS = YES;
				CLANG_WARN_STRICT_PROTOTYPES = YES;
				CLANG_WARN_UNGUARDED_AVAILABILITY = YES_AGGRESSIVE;
				CODE_SIGN_IDENTITY = "iPhone Developer";
				CODE_SIGN_STYLE = Automatic;
				DEVELOPMENT_TEAM = U37QH9QGB8;
				GCC_C_LANGUAGE_STANDARD = gnu11;
				INFOPLIST_FILE = RxSessionExample/Info.plist;
				IPHONEOS_DEPLOYMENT_TARGET = 12.1;
				LD_RUNPATH_SEARCH_PATHS = "$(inherited) @executable_path/Frameworks";
				MTL_ENABLE_DEBUG_INFO = INCLUDE_SOURCE;
				MTL_FAST_MATH = YES;
				PRODUCT_BUNDLE_IDENTIFIER = "com.tailored-apps.RxSessionExample";
				PRODUCT_NAME = "$(TARGET_NAME)";
				SWIFT_VERSION = 5.0;
				TARGETED_DEVICE_FAMILY = "1,2";
			};
			name = Debug;
		};
		97F5A72922144C7700CACF2F /* Release */ = {
			isa = XCBuildConfiguration;
			baseConfigurationReference = 78A83E95BD4F5B7F0A737817 /* Pods-RxSessionExample.release.xcconfig */;
			buildSettings = {
				ALWAYS_EMBED_SWIFT_STANDARD_LIBRARIES = YES;
				ASSETCATALOG_COMPILER_APPICON_NAME = AppIcon;
				CLANG_CXX_LANGUAGE_STANDARD = "gnu++14";
				CLANG_ENABLE_OBJC_WEAK = YES;
				CLANG_WARN_BLOCK_CAPTURE_AUTORELEASING = YES;
				CLANG_WARN_COMMA = YES;
				CLANG_WARN_DEPRECATED_OBJC_IMPLEMENTATIONS = YES;
				CLANG_WARN_NON_LITERAL_NULL_CONVERSION = YES;
				CLANG_WARN_OBJC_IMPLICIT_RETAIN_SELF = YES;
				CLANG_WARN_OBJC_LITERAL_CONVERSION = YES;
				CLANG_WARN_RANGE_LOOP_ANALYSIS = YES;
				CLANG_WARN_STRICT_PROTOTYPES = YES;
				CLANG_WARN_UNGUARDED_AVAILABILITY = YES_AGGRESSIVE;
				CODE_SIGN_IDENTITY = "iPhone Developer";
				CODE_SIGN_STYLE = Automatic;
				DEVELOPMENT_TEAM = U37QH9QGB8;
				GCC_C_LANGUAGE_STANDARD = gnu11;
				INFOPLIST_FILE = RxSessionExample/Info.plist;
				IPHONEOS_DEPLOYMENT_TARGET = 12.1;
				LD_RUNPATH_SEARCH_PATHS = "$(inherited) @executable_path/Frameworks";
				MTL_FAST_MATH = YES;
				PRODUCT_BUNDLE_IDENTIFIER = "com.tailored-apps.RxSessionExample";
				PRODUCT_NAME = "$(TARGET_NAME)";
				SWIFT_VERSION = 5.0;
				TARGETED_DEVICE_FAMILY = "1,2";
			};
			name = Release;
		};
		B410C7571ECF13950087D5AA /* Debug */ = {
			isa = XCBuildConfiguration;
			buildSettings = {
				ALWAYS_SEARCH_USER_PATHS = NO;
				CLANG_ANALYZER_NONNULL = YES;
				CLANG_ANALYZER_NUMBER_OBJECT_CONVERSION = YES_AGGRESSIVE;
				CLANG_CXX_LANGUAGE_STANDARD = "gnu++0x";
				CLANG_CXX_LIBRARY = "libc++";
				CLANG_ENABLE_MODULES = YES;
				CLANG_ENABLE_OBJC_ARC = YES;
				CLANG_WARN_BLOCK_CAPTURE_AUTORELEASING = YES;
				CLANG_WARN_BOOL_CONVERSION = YES;
				CLANG_WARN_COMMA = YES;
				CLANG_WARN_CONSTANT_CONVERSION = YES;
				CLANG_WARN_DEPRECATED_OBJC_IMPLEMENTATIONS = YES;
				CLANG_WARN_DIRECT_OBJC_ISA_USAGE = YES_ERROR;
				CLANG_WARN_DOCUMENTATION_COMMENTS = YES;
				CLANG_WARN_EMPTY_BODY = YES;
				CLANG_WARN_ENUM_CONVERSION = YES;
				CLANG_WARN_INFINITE_RECURSION = YES;
				CLANG_WARN_INT_CONVERSION = YES;
				CLANG_WARN_NON_LITERAL_NULL_CONVERSION = YES;
				CLANG_WARN_OBJC_IMPLICIT_RETAIN_SELF = YES;
				CLANG_WARN_OBJC_LITERAL_CONVERSION = YES;
				CLANG_WARN_OBJC_ROOT_CLASS = YES_ERROR;
				CLANG_WARN_RANGE_LOOP_ANALYSIS = YES;
				CLANG_WARN_STRICT_PROTOTYPES = YES;
				CLANG_WARN_SUSPICIOUS_MOVE = YES;
				CLANG_WARN_UNREACHABLE_CODE = YES;
				CLANG_WARN__DUPLICATE_METHOD_MATCH = YES;
				"CODE_SIGN_IDENTITY[sdk=iphoneos*]" = "iPhone Developer";
				COPY_PHASE_STRIP = NO;
				CURRENT_PROJECT_VERSION = 1;
				DEBUG_INFORMATION_FORMAT = dwarf;
				ENABLE_STRICT_OBJC_MSGSEND = YES;
				ENABLE_TESTABILITY = YES;
				GCC_C_LANGUAGE_STANDARD = gnu99;
				GCC_DYNAMIC_NO_PIC = NO;
				GCC_NO_COMMON_BLOCKS = YES;
				GCC_OPTIMIZATION_LEVEL = 0;
				GCC_PREPROCESSOR_DEFINITIONS = (
					"DEBUG=1",
					"$(inherited)",
				);
				GCC_WARN_64_TO_32_BIT_CONVERSION = YES;
				GCC_WARN_ABOUT_RETURN_TYPE = YES_ERROR;
				GCC_WARN_UNDECLARED_SELECTOR = YES;
				GCC_WARN_UNINITIALIZED_AUTOS = YES_AGGRESSIVE;
				GCC_WARN_UNUSED_FUNCTION = YES;
				GCC_WARN_UNUSED_VARIABLE = YES;
				IPHONEOS_DEPLOYMENT_TARGET = 10.3;
				MTL_ENABLE_DEBUG_INFO = YES;
				ONLY_ACTIVE_ARCH = YES;
				SDKROOT = iphoneos;
				SWIFT_ACTIVE_COMPILATION_CONDITIONS = DEBUG;
				SWIFT_OPTIMIZATION_LEVEL = "-Onone";
				TARGETED_DEVICE_FAMILY = "1,2";
				VERSIONING_SYSTEM = "apple-generic";
				VERSION_INFO_PREFIX = "";
			};
			name = Debug;
		};
		B410C7581ECF13950087D5AA /* Release */ = {
			isa = XCBuildConfiguration;
			buildSettings = {
				ALWAYS_SEARCH_USER_PATHS = NO;
				CLANG_ANALYZER_NONNULL = YES;
				CLANG_ANALYZER_NUMBER_OBJECT_CONVERSION = YES_AGGRESSIVE;
				CLANG_CXX_LANGUAGE_STANDARD = "gnu++0x";
				CLANG_CXX_LIBRARY = "libc++";
				CLANG_ENABLE_MODULES = YES;
				CLANG_ENABLE_OBJC_ARC = YES;
				CLANG_WARN_BLOCK_CAPTURE_AUTORELEASING = YES;
				CLANG_WARN_BOOL_CONVERSION = YES;
				CLANG_WARN_COMMA = YES;
				CLANG_WARN_CONSTANT_CONVERSION = YES;
				CLANG_WARN_DEPRECATED_OBJC_IMPLEMENTATIONS = YES;
				CLANG_WARN_DIRECT_OBJC_ISA_USAGE = YES_ERROR;
				CLANG_WARN_DOCUMENTATION_COMMENTS = YES;
				CLANG_WARN_EMPTY_BODY = YES;
				CLANG_WARN_ENUM_CONVERSION = YES;
				CLANG_WARN_INFINITE_RECURSION = YES;
				CLANG_WARN_INT_CONVERSION = YES;
				CLANG_WARN_NON_LITERAL_NULL_CONVERSION = YES;
				CLANG_WARN_OBJC_IMPLICIT_RETAIN_SELF = YES;
				CLANG_WARN_OBJC_LITERAL_CONVERSION = YES;
				CLANG_WARN_OBJC_ROOT_CLASS = YES_ERROR;
				CLANG_WARN_RANGE_LOOP_ANALYSIS = YES;
				CLANG_WARN_STRICT_PROTOTYPES = YES;
				CLANG_WARN_SUSPICIOUS_MOVE = YES;
				CLANG_WARN_UNREACHABLE_CODE = YES;
				CLANG_WARN__DUPLICATE_METHOD_MATCH = YES;
				"CODE_SIGN_IDENTITY[sdk=iphoneos*]" = "iPhone Developer";
				COPY_PHASE_STRIP = NO;
				CURRENT_PROJECT_VERSION = 1;
				DEBUG_INFORMATION_FORMAT = "dwarf-with-dsym";
				ENABLE_NS_ASSERTIONS = NO;
				ENABLE_STRICT_OBJC_MSGSEND = YES;
				GCC_C_LANGUAGE_STANDARD = gnu99;
				GCC_NO_COMMON_BLOCKS = YES;
				GCC_WARN_64_TO_32_BIT_CONVERSION = YES;
				GCC_WARN_ABOUT_RETURN_TYPE = YES_ERROR;
				GCC_WARN_UNDECLARED_SELECTOR = YES;
				GCC_WARN_UNINITIALIZED_AUTOS = YES_AGGRESSIVE;
				GCC_WARN_UNUSED_FUNCTION = YES;
				GCC_WARN_UNUSED_VARIABLE = YES;
				IPHONEOS_DEPLOYMENT_TARGET = 10.3;
				MTL_ENABLE_DEBUG_INFO = NO;
				SDKROOT = iphoneos;
				SWIFT_OPTIMIZATION_LEVEL = "-Owholemodule";
				TARGETED_DEVICE_FAMILY = "1,2";
				VALIDATE_PRODUCT = YES;
				VERSIONING_SYSTEM = "apple-generic";
				VERSION_INFO_PREFIX = "";
			};
			name = Release;
		};
		B410C75A1ECF13950087D5AA /* Debug */ = {
			isa = XCBuildConfiguration;
			baseConfigurationReference = 608FEE3198E1ADB7BBE54EAB /* Pods-RxSession.debug.xcconfig */;
			buildSettings = {
				CLANG_ENABLE_MODULES = YES;
				CODE_SIGN_IDENTITY = "";
				DEFINES_MODULE = YES;
				DYLIB_COMPATIBILITY_VERSION = 1;
				DYLIB_CURRENT_VERSION = 1;
				DYLIB_INSTALL_NAME_BASE = "@rpath";
				INFOPLIST_FILE = RxSession/Info.plist;
				INSTALL_PATH = "$(LOCAL_LIBRARY_DIR)/Frameworks";
				IPHONEOS_DEPLOYMENT_TARGET = 9.0;
				LD_RUNPATH_SEARCH_PATHS = "$(inherited) @executable_path/Frameworks @loader_path/Frameworks";
				PRODUCT_BUNDLE_IDENTIFIER = com.oanhof.RxSession;
				PRODUCT_NAME = "$(TARGET_NAME)";
				SKIP_INSTALL = YES;
				SWIFT_OPTIMIZATION_LEVEL = "-Onone";
				SWIFT_VERSION = 5.0;
			};
			name = Debug;
		};
		B410C75B1ECF13950087D5AA /* Release */ = {
			isa = XCBuildConfiguration;
			baseConfigurationReference = 4DE8D1CCC2B408AE8B47866C /* Pods-RxSession.release.xcconfig */;
			buildSettings = {
				CLANG_ENABLE_MODULES = YES;
				CODE_SIGN_IDENTITY = "";
				DEFINES_MODULE = YES;
				DYLIB_COMPATIBILITY_VERSION = 1;
				DYLIB_CURRENT_VERSION = 1;
				DYLIB_INSTALL_NAME_BASE = "@rpath";
				INFOPLIST_FILE = RxSession/Info.plist;
				INSTALL_PATH = "$(LOCAL_LIBRARY_DIR)/Frameworks";
				IPHONEOS_DEPLOYMENT_TARGET = 9.0;
				LD_RUNPATH_SEARCH_PATHS = "$(inherited) @executable_path/Frameworks @loader_path/Frameworks";
				PRODUCT_BUNDLE_IDENTIFIER = com.oanhof.RxSession;
				PRODUCT_NAME = "$(TARGET_NAME)";
				SKIP_INSTALL = YES;
				SWIFT_VERSION = 5.0;
			};
			name = Release;
		};
		B410C75D1ECF13950087D5AA /* Debug */ = {
			isa = XCBuildConfiguration;
			baseConfigurationReference = A9FF9802ED671AAA491EF0BB /* Pods-RxSessionTests.debug.xcconfig */;
			buildSettings = {
				ALWAYS_EMBED_SWIFT_STANDARD_LIBRARIES = YES;
				"CODE_SIGN_IDENTITY[sdk=macosx*]" = "Apple Development";
				DEVELOPMENT_TEAM = U37QH9QGB8;
				INFOPLIST_FILE = RxSessionTests/Info.plist;
				LD_RUNPATH_SEARCH_PATHS = "$(inherited) @executable_path/Frameworks @loader_path/Frameworks";
				PRODUCT_BUNDLE_IDENTIFIER = com.oanhof.RxSessionTests;
				PRODUCT_NAME = "$(TARGET_NAME)";
				SWIFT_VERSION = 5.0;
				TEST_HOST = "$(BUILT_PRODUCTS_DIR)/RxSessionExample.app/RxSessionExample";
			};
			name = Debug;
		};
		B410C75E1ECF13950087D5AA /* Release */ = {
			isa = XCBuildConfiguration;
			baseConfigurationReference = FB80A63B7AD855F6E38C3DCA /* Pods-RxSessionTests.release.xcconfig */;
			buildSettings = {
				ALWAYS_EMBED_SWIFT_STANDARD_LIBRARIES = YES;
				"CODE_SIGN_IDENTITY[sdk=macosx*]" = "Apple Development";
				DEVELOPMENT_TEAM = U37QH9QGB8;
				INFOPLIST_FILE = RxSessionTests/Info.plist;
				LD_RUNPATH_SEARCH_PATHS = "$(inherited) @executable_path/Frameworks @loader_path/Frameworks";
				PRODUCT_BUNDLE_IDENTIFIER = com.oanhof.RxSessionTests;
				PRODUCT_NAME = "$(TARGET_NAME)";
				SWIFT_VERSION = 5.0;
				TEST_HOST = "$(BUILT_PRODUCTS_DIR)/RxSessionExample.app/RxSessionExample";
			};
			name = Release;
		};
/* End XCBuildConfiguration section */

/* Begin XCConfigurationList section */
		97F5A72A22144C7700CACF2F /* Build configuration list for PBXNativeTarget "RxSessionExample" */ = {
			isa = XCConfigurationList;
			buildConfigurations = (
				97F5A72822144C7700CACF2F /* Debug */,
				97F5A72922144C7700CACF2F /* Release */,
			);
			defaultConfigurationIsVisible = 0;
			defaultConfigurationName = Release;
		};
		B410C73F1ECF13950087D5AA /* Build configuration list for PBXProject "RxSession" */ = {
			isa = XCConfigurationList;
			buildConfigurations = (
				B410C7571ECF13950087D5AA /* Debug */,
				B410C7581ECF13950087D5AA /* Release */,
			);
			defaultConfigurationIsVisible = 0;
			defaultConfigurationName = Release;
		};
		B410C7591ECF13950087D5AA /* Build configuration list for PBXNativeTarget "RxSession" */ = {
			isa = XCConfigurationList;
			buildConfigurations = (
				B410C75A1ECF13950087D5AA /* Debug */,
				B410C75B1ECF13950087D5AA /* Release */,
			);
			defaultConfigurationIsVisible = 0;
			defaultConfigurationName = Release;
		};
		B410C75C1ECF13950087D5AA /* Build configuration list for PBXNativeTarget "RxSessionTests" */ = {
			isa = XCConfigurationList;
			buildConfigurations = (
				B410C75D1ECF13950087D5AA /* Debug */,
				B410C75E1ECF13950087D5AA /* Release */,
			);
			defaultConfigurationIsVisible = 0;
			defaultConfigurationName = Release;
		};
/* End XCConfigurationList section */
	};
	rootObject = B410C73C1ECF13950087D5AA /* Project object */;
}
